
Microsoft Visual Studio Solution File, Format Version 12.00
Project("{FAE04EC0-301F-11D3-BF4B-00C04F79EFBC}") = "TimeCapsuleServer", "TimeCapsuleServer\TimeCapsuleServer.csproj", "{5C76BF5B-592E-4F7D-A657-3494ECFA8EBC}"
EndProject
Global
	GlobalSection(SolutionConfigurationPlatforms) = preSolution
		Debug|Any CPU = Debug|Any CPU
		Release|Any CPU = Release|Any CPU
	EndGlobalSection
	GlobalSection(ProjectConfigurationPlatforms) = postSolution
		{5C76BF5B-592E-4F7D-A657-3494ECFA8EBC}.Debug|Any CPU.ActiveCfg = Debug|Any CPU
		{5C76BF5B-592E-4F7D-A657-3494ECFA8EBC}.Debug|Any CPU.Build.0 = Debug|Any CPU
		{5C76BF5B-592E-4F7D-A657-3494ECFA8EBC}.Release|Any CPU.ActiveCfg = Release|Any CPU
		{5C76BF5B-592E-4F7D-A657-3494ECFA8EBC}.Release|Any CPU.Build.0 = Release|Any CPU
	EndGlobalSection
EndGlobal
